
Microsoft Visual Studio Solution File, Format Version 12.00
# Visual Studio Version 16
VisualStudioVersion = 16.0.31729.503
MinimumVisualStudioVersion = 10.0.40219.1
Project("{FAE04EC0-301F-11D3-BF4B-00C04F79EFBC}") = "TaskApi", "TaskApi\TaskApi.csproj", "{24D00E02-09D9-4B29-BB1F-D31936F04377}"
EndProject
Global
	GlobalSection(SolutionConfigurationPlatforms) = preSolution
		Debug|Any CPU = Debug|Any CPU
		Release|Any CPU = Release|Any CPU
	EndGlobalSection
	GlobalSection(ProjectConfigurationPlatforms) = postSolution
		{24D00E02-09D9-4B29-BB1F-D31936F04377}.Debug|Any CPU.ActiveCfg = Debug|Any CPU
		{24D00E02-09D9-4B29-BB1F-D31936F04377}.Debug|Any CPU.Build.0 = Debug|Any CPU
		{24D00E02-09D9-4B29-BB1F-D31936F04377}.Release|Any CPU.ActiveCfg = Release|Any CPU
		{24D00E02-09D9-4B29-BB1F-D31936F04377}.Release|Any CPU.Build.0 = Release|Any CPU
	EndGlobalSection
	GlobalSection(SolutionProperties) = preSolution
		HideSolutionNode = FALSE
	EndGlobalSection
	GlobalSection(ExtensibilityGlobals) = postSolution
		SolutionGuid = {57BBA9B5-5073-4CA3-B3BB-475A898DF433}
	EndGlobalSection
EndGlobal
